# THIS IS AN AUTOGENERATED FILE. DO NOT EDIT THIS FILE DIRECTLY.
# yarn lockfile v1


"@esbuild/win32-x64@0.25.1":
  version "0.25.1"
  resolved "https://registry.npmjs.org/@esbuild/win32-x64/-/win32-x64-0.25.1.tgz"
  integrity sha512-Y1EQdcfwMSeQN/ujR5VayLOJ1BHaK+ssyk0AEzPjC+t1lITgsnccPqFjb6V+LsTp/9Iov4ysfjxLaGJ9RPtkVg==

"@rollup/pluginutils@^5.1.0":
  version "5.1.4"
  resolved "https://registry.npmjs.org/@rollup/pluginutils/-/pluginutils-5.1.4.tgz"
  integrity sha512-USm05zrsFxYLPdWWq+K3STlWiT/3ELn3RcV5hJMghpeAIhxfsUIg6mt12CBJBInWMV4VneoV7SfGv8xIwo2qNQ==
  dependencies:
    "@types/estree" "^1.0.0"
    estree-walker "^2.0.2"
    picomatch "^4.0.2"

"@rollup/rollup-win32-x64-msvc@4.35.0":
  version "4.35.0"
  resolved "https://registry.npmjs.org/@rollup/rollup-win32-x64-msvc/-/rollup-win32-x64-msvc-4.35.0.tgz"
  integrity sha512-PIQeY5XDkrOysbQblSW7v3l1MDZzkTEzAfTPkj5VAu3FW8fS4ynyLg2sINp0fp3SjZ8xkRYpLqoKcYqAkhU1dw==

"@types/estree@^1.0.0", "@types/estree@1.0.6":
  version "1.0.6"
  resolved "https://registry.npmjs.org/@types/estree/-/estree-1.0.6.tgz"
  integrity sha512-AYnb1nQyY49te+VRAVgmzfcgjYS91mY5P0TKUDCLEM+gNnA+3T6rWITXRLYCpahpqSQbN5cE+gHpnPyXjHWxcw==

esbuild@^0.25.0:
  version "0.25.1"
  resolved "https://registry.npmjs.org/esbuild/-/esbuild-0.25.1.tgz"
  integrity sha512-BGO5LtrGC7vxnqucAe/rmvKdJllfGaYWdyABvyMoXQlfYMb2bbRuReWR5tEGE//4LcNJj9XrkovTqNYRFZHAMQ==
  optionalDependencies:
    "@esbuild/aix-ppc64" "0.25.1"
    "@esbuild/android-arm" "0.25.1"
    "@esbuild/android-arm64" "0.25.1"
    "@esbuild/android-x64" "0.25.1"
    "@esbuild/darwin-arm64" "0.25.1"
    "@esbuild/darwin-x64" "0.25.1"
    "@esbuild/freebsd-arm64" "0.25.1"
    "@esbuild/freebsd-x64" "0.25.1"
    "@esbuild/linux-arm" "0.25.1"
    "@esbuild/linux-arm64" "0.25.1"
    "@esbuild/linux-ia32" "0.25.1"
    "@esbuild/linux-loong64" "0.25.1"
    "@esbuild/linux-mips64el" "0.25.1"
    "@esbuild/linux-ppc64" "0.25.1"
    "@esbuild/linux-riscv64" "0.25.1"
    "@esbuild/linux-s390x" "0.25.1"
    "@esbuild/linux-x64" "0.25.1"
    "@esbuild/netbsd-arm64" "0.25.1"
    "@esbuild/netbsd-x64" "0.25.1"
    "@esbuild/openbsd-arm64" "0.25.1"
    "@esbuild/openbsd-x64" "0.25.1"
    "@esbuild/sunos-x64" "0.25.1"
    "@esbuild/win32-arm64" "0.25.1"
    "@esbuild/win32-ia32" "0.25.1"
    "@esbuild/win32-x64" "0.25.1"

estree-walker@^2.0.2:
  version "2.0.2"
  resolved "https://registry.npmjs.org/estree-walker/-/estree-walker-2.0.2.tgz"
  integrity sha512-Rfkk/Mp/DL7JVje3u18FxFujQlTNR2q6QfMSMB7AvCBx91NGj/ba3kCfza0f6dVDbw7YlRf/nDrn7pQrCCyQ/w==

lil-gui@^0.20.0:
  version "0.20.0"
  resolved "https://registry.npmjs.org/lil-gui/-/lil-gui-0.20.0.tgz"
  integrity sha512-k7Ipr0ztqslMA2XvM5z5ZaWhxQtnEOwJBfI/hmSuRh6q4iMG9L0boqqrnZSzBR1jzyJ28OMl47l65ILzRe1TdA==

nanoid@^3.3.8:
  version "3.3.9"
  resolved "https://registry.npmjs.org/nanoid/-/nanoid-3.3.9.tgz"
  integrity sha512-SppoicMGpZvbF1l3z4x7No3OlIjP7QJvC9XR7AhZr1kL133KHnKPztkKDc+Ir4aJ/1VhTySrtKhrsycmrMQfvg==

picocolors@^1.1.1:
  version "1.1.1"
  resolved "https://registry.npmjs.org/picocolors/-/picocolors-1.1.1.tgz"
  integrity sha512-xceH2snhtb5M9liqDsmEw56le376mTZkEX/jEb/RxNFyegNul7eNslCXP9FDj/Lcu0X8KEyMceP2ntpaHrDEVA==

picomatch@^4.0.2:
  version "4.0.2"
  resolved "https://registry.npmjs.org/picomatch/-/picomatch-4.0.2.tgz"
  integrity sha512-M7BAV6Rlcy5u+m6oPhAPFgJTzAioX/6B0DxyvDlo9l8+T3nLKbrczg2WLUyzd45L8RqfUMyGPzekbMvX2Ldkwg==

postcss@^8.5.3:
  version "8.5.3"
  resolved "https://registry.npmjs.org/postcss/-/postcss-8.5.3.tgz"
  integrity sha512-dle9A3yYxlBSrt8Fu+IpjGT8SY8hN0mlaA6GY8t0P5PjIOZemULz/E2Bnm/2dcUOena75OTNkHI76uZBNUUq3A==
  dependencies:
    nanoid "^3.3.8"
    picocolors "^1.1.1"
    source-map-js "^1.2.1"

rollup@^1.20.0||^2.0.0||^3.0.0||^4.0.0, rollup@^4.30.1:
  version "4.35.0"
  resolved "https://registry.npmjs.org/rollup/-/rollup-4.35.0.tgz"
  integrity sha512-kg6oI4g+vc41vePJyO6dHt/yl0Rz3Thv0kJeVQ3D1kS3E5XSuKbPc29G4IpT/Kv1KQwgHVcN+HtyS+HYLNSvQg==
  dependencies:
    "@types/estree" "1.0.6"
  optionalDependencies:
    "@rollup/rollup-android-arm-eabi" "4.35.0"
    "@rollup/rollup-android-arm64" "4.35.0"
    "@rollup/rollup-darwin-arm64" "4.35.0"
    "@rollup/rollup-darwin-x64" "4.35.0"
    "@rollup/rollup-freebsd-arm64" "4.35.0"
    "@rollup/rollup-freebsd-x64" "4.35.0"
    "@rollup/rollup-linux-arm-gnueabihf" "4.35.0"
    "@rollup/rollup-linux-arm-musleabihf" "4.35.0"
    "@rollup/rollup-linux-arm64-gnu" "4.35.0"
    "@rollup/rollup-linux-arm64-musl" "4.35.0"
    "@rollup/rollup-linux-loongarch64-gnu" "4.35.0"
    "@rollup/rollup-linux-powerpc64le-gnu" "4.35.0"
    "@rollup/rollup-linux-riscv64-gnu" "4.35.0"
    "@rollup/rollup-linux-s390x-gnu" "4.35.0"
    "@rollup/rollup-linux-x64-gnu" "4.35.0"
    "@rollup/rollup-linux-x64-musl" "4.35.0"
    "@rollup/rollup-win32-arm64-msvc" "4.35.0"
    "@rollup/rollup-win32-ia32-msvc" "4.35.0"
    "@rollup/rollup-win32-x64-msvc" "4.35.0"
    fsevents "~2.3.2"

source-map-js@^1.2.1:
  version "1.2.1"
  resolved "https://registry.npmjs.org/source-map-js/-/source-map-js-1.2.1.tgz"
  integrity sha512-UXWMKhLOwVKb728IUtQPXxfYU+usdybtUrK/8uGE8CQMvrhOpwvzDBwj0QhSL7MQc7vIsISBG8VQ8+IDQxpfQA==

three@^0.174.0:
  version "0.174.0"
  resolved "https://registry.npmjs.org/three/-/three-0.174.0.tgz"
  integrity sha512-p+WG3W6Ov74alh3geCMkGK9NWuT62ee21cV3jEnun201zodVF4tCE5aZa2U122/mkLRmhJJUQmLLW1BH00uQJQ==

vite-plugin-glsl@^1.3.1:
  version "1.3.1"
  resolved "https://registry.npmjs.org/vite-plugin-glsl/-/vite-plugin-glsl-1.3.1.tgz"
  integrity sha512-iClII8Idb9X0m6nS0YI2cWWXbBuT5EKKw5kXSAuRu4RJsNe4oypxKXE7jx0XMoyqij2s8WL0ZLfou801mpkREg==
  dependencies:
    "@rollup/pluginutils" "^5.1.0"

"vite@^3.0.0 || ^4.0.0 || ^5.0.0 || ^6.0.0", vite@^6.2.0:
  version "6.2.1"
  resolved "https://registry.npmjs.org/vite/-/vite-6.2.1.tgz"
  integrity sha512-n2GnqDb6XPhlt9B8olZPrgMD/es/Nd1RdChF6CBD/fHW6pUyUTt2sQW2fPRX5GiD9XEa6+8A6A4f2vT6pSsE7Q==
  dependencies:
    esbuild "^0.25.0"
    postcss "^8.5.3"
    rollup "^4.30.1"
  optionalDependencies:
    fsevents "~2.3.3"
